
Microsoft Visual Studio Solution File, Format Version 12.00
# Visual Studio Version 16
VisualStudioVersion = 16.0.30309.148
MinimumVisualStudioVersion = 10.0.40219.1
Project("{FAE04EC0-301F-11D3-BF4B-00C04F79EFBC}") = "RippleEffectAndroid", "RippleEffectAndroid.csproj", "{FAEF5FED-8C30-4EFB-874C-C35D467E3F79}"
EndProject
Global
	GlobalSection(SolutionConfigurationPlatforms) = preSolution
		Debug|Any CPU = Debug|Any CPU
		Release|Any CPU = Release|Any CPU
	EndGlobalSection
	GlobalSection(ProjectConfigurationPlatforms) = postSolution
		{FAEF5FED-8C30-4EFB-874C-C35D467E3F79}.Debug|Any CPU.ActiveCfg = Debug|Any CPU
		{FAEF5FED-8C30-4EFB-874C-C35D467E3F79}.Debug|Any CPU.Build.0 = Debug|Any CPU
		{FAEF5FED-8C30-4EFB-874C-C35D467E3F79}.Debug|Any CPU.Deploy.0 = Debug|Any CPU
		{FAEF5FED-8C30-4EFB-874C-C35D467E3F79}.Release|Any CPU.ActiveCfg = Release|Any CPU
		{FAEF5FED-8C30-4EFB-874C-C35D467E3F79}.Release|Any CPU.Build.0 = Release|Any CPU
		{FAEF5FED-8C30-4EFB-874C-C35D467E3F79}.Release|Any CPU.Deploy.0 = Release|Any CPU
	EndGlobalSection
	GlobalSection(SolutionProperties) = preSolution
		HideSolutionNode = FALSE
	EndGlobalSection
	GlobalSection(ExtensibilityGlobals) = postSolution
		SolutionGuid = {F0D5783A-8FE1-4D8B-B703-BEB2E6D0612D}
	EndGlobalSection
EndGlobal
