
Microsoft Visual Studio Solution File, Format Version 12.00
# Visual Studio Version 16
VisualStudioVersion = 16.0.30309.148
MinimumVisualStudioVersion = 10.0.40219.1
Project("{FAE04EC0-301F-11D3-BF4B-00C04F79EFBC}") = "DropDownListAndroid", "DropDownListAndroid.csproj", "{0953BF10-E0B7-47B9-A1BB-AD2DEC526896}"
EndProject
Global
	GlobalSection(SolutionConfigurationPlatforms) = preSolution
		Debug|Any CPU = Debug|Any CPU
		Release|Any CPU = Release|Any CPU
	EndGlobalSection
	GlobalSection(ProjectConfigurationPlatforms) = postSolution
		{0953BF10-E0B7-47B9-A1BB-AD2DEC526896}.Debug|Any CPU.ActiveCfg = Debug|Any CPU
		{0953BF10-E0B7-47B9-A1BB-AD2DEC526896}.Debug|Any CPU.Build.0 = Debug|Any CPU
		{0953BF10-E0B7-47B9-A1BB-AD2DEC526896}.Debug|Any CPU.Deploy.0 = Debug|Any CPU
		{0953BF10-E0B7-47B9-A1BB-AD2DEC526896}.Release|Any CPU.ActiveCfg = Release|Any CPU
		{0953BF10-E0B7-47B9-A1BB-AD2DEC526896}.Release|Any CPU.Build.0 = Release|Any CPU
		{0953BF10-E0B7-47B9-A1BB-AD2DEC526896}.Release|Any CPU.Deploy.0 = Release|Any CPU
	EndGlobalSection
	GlobalSection(SolutionProperties) = preSolution
		HideSolutionNode = FALSE
	EndGlobalSection
	GlobalSection(ExtensibilityGlobals) = postSolution
		SolutionGuid = {FCC9B37B-F078-4649-B32F-9CF255D456E2}
	EndGlobalSection
EndGlobal
