
Microsoft Visual Studio Solution File, Format Version 12.00
# Visual Studio Version 16
VisualStudioVersion = 16.0.30621.155
MinimumVisualStudioVersion = 10.0.40219.1
Project("{FAE04EC0-301F-11D3-BF4B-00C04F79EFBC}") = "StoryProgressBar", "StoryProgressBar.csproj", "{A2AE29BC-EF98-43D2-979D-EE986B074908}"
EndProject
Global
	GlobalSection(SolutionConfigurationPlatforms) = preSolution
		Debug|Any CPU = Debug|Any CPU
		Release|Any CPU = Release|Any CPU
	EndGlobalSection
	GlobalSection(ProjectConfigurationPlatforms) = postSolution
		{A2AE29BC-EF98-43D2-979D-EE986B074908}.Debug|Any CPU.ActiveCfg = Debug|Any CPU
		{A2AE29BC-EF98-43D2-979D-EE986B074908}.Debug|Any CPU.Build.0 = Debug|Any CPU
		{A2AE29BC-EF98-43D2-979D-EE986B074908}.Debug|Any CPU.Deploy.0 = Debug|Any CPU
		{A2AE29BC-EF98-43D2-979D-EE986B074908}.Release|Any CPU.ActiveCfg = Release|Any CPU
		{A2AE29BC-EF98-43D2-979D-EE986B074908}.Release|Any CPU.Build.0 = Release|Any CPU
		{A2AE29BC-EF98-43D2-979D-EE986B074908}.Release|Any CPU.Deploy.0 = Release|Any CPU
	EndGlobalSection
	GlobalSection(SolutionProperties) = preSolution
		HideSolutionNode = FALSE
	EndGlobalSection
	GlobalSection(ExtensibilityGlobals) = postSolution
		SolutionGuid = {0EF0D5BB-EC14-4556-86DD-49C4C830A6DD}
	EndGlobalSection
EndGlobal
