
Microsoft Visual Studio Solution File, Format Version 12.00
# Visual Studio Version 16
VisualStudioVersion = 16.0.30413.136
MinimumVisualStudioVersion = 10.0.40219.1
Project("{FAE04EC0-301F-11D3-BF4B-00C04F79EFBC}") = "XamSplashGif", "XamSplashGif.csproj", "{67733A99-1530-4D49-BF31-82C2259B7063}"
EndProject
Global
	GlobalSection(SolutionConfigurationPlatforms) = preSolution
		Debug|Any CPU = Debug|Any CPU
		Release|Any CPU = Release|Any CPU
	EndGlobalSection
	GlobalSection(ProjectConfigurationPlatforms) = postSolution
		{67733A99-1530-4D49-BF31-82C2259B7063}.Debug|Any CPU.ActiveCfg = Debug|Any CPU
		{67733A99-1530-4D49-BF31-82C2259B7063}.Debug|Any CPU.Build.0 = Debug|Any CPU
		{67733A99-1530-4D49-BF31-82C2259B7063}.Debug|Any CPU.Deploy.0 = Debug|Any CPU
		{67733A99-1530-4D49-BF31-82C2259B7063}.Release|Any CPU.ActiveCfg = Release|Any CPU
		{67733A99-1530-4D49-BF31-82C2259B7063}.Release|Any CPU.Build.0 = Release|Any CPU
		{67733A99-1530-4D49-BF31-82C2259B7063}.Release|Any CPU.Deploy.0 = Release|Any CPU
	EndGlobalSection
	GlobalSection(SolutionProperties) = preSolution
		HideSolutionNode = FALSE
	EndGlobalSection
	GlobalSection(ExtensibilityGlobals) = postSolution
		SolutionGuid = {EEA5F8AB-678A-4003-AAF8-3BAB5F74A827}
	EndGlobalSection
EndGlobal
